// !$*UTF8*$!
{
	archiveVersion = 1;
	classes = {
	};
	objectVersion = 50;
	objects = {

/* Begin PBXBuildFile section */
		2E45F975E369B197AD9DE3C5 /* Pods_todoey.framework in Frameworks */ = {isa = PBXBuildFile; fileRef = 000150573CB0EF46603E6FD6 /* Pods_todoey.framework */; };
		970161162300B7B500709599 /* CategoryTableViewController.swift in Sources */ = {isa = PBXBuildFile; fileRef = 970161152300B7B500709599 /* CategoryTableViewController.swift */; };
		9734BFB622FDD43A00FDA2E0 /* AppDelegate.swift in Sources */ = {isa = PBXBuildFile; fileRef = 9734BFB522FDD43A00FDA2E0 /* AppDelegate.swift */; };
		9734BFB822FDD43A00FDA2E0 /* TodoListViewController.swift in Sources */ = {isa = PBXBuildFile; fileRef = 9734BFB722FDD43A00FDA2E0 /* TodoListViewController.swift */; };
		9734BFBB22FDD43A00FDA2E0 /* Main.storyboard in Resources */ = {isa = PBXBuildFile; fileRef = 9734BFB922FDD43A00FDA2E0 /* Main.storyboard */; };
		9734BFBD22FDD43E00FDA2E0 /* Assets.xcassets in Resources */ = {isa = PBXBuildFile; fileRef = 9734BFBC22FDD43E00FDA2E0 /* Assets.xcassets */; };
		9734BFC022FDD43E00FDA2E0 /* LaunchScreen.storyboard in Resources */ = {isa = PBXBuildFile; fileRef = 9734BFBE22FDD43E00FDA2E0 /* LaunchScreen.storyboard */; };
		9795FF9923006751007520C8 /* DataModel.xcdatamodeld in Sources */ = {isa = PBXBuildFile; fileRef = 9795FF9723006751007520C8 /* DataModel.xcdatamodeld */; };
/* End PBXBuildFile section */

/* Begin PBXFileReference section */
		000150573CB0EF46603E6FD6 /* Pods_todoey.framework */ = {isa = PBXFileReference; explicitFileType = wrapper.framework; includeInIndex = 0; path = Pods_todoey.framework; sourceTree = BUILT_PRODUCTS_DIR; };
		4A1DF51CAC12B22031916B29 /* Pods-todoey.release.xcconfig */ = {isa = PBXFileReference; includeInIndex = 1; lastKnownFileType = text.xcconfig; name = "Pods-todoey.release.xcconfig"; path = "Target Support Files/Pods-todoey/Pods-todoey.release.xcconfig"; sourceTree = "<group>"; };
		970161152300B7B500709599 /* CategoryTableViewController.swift */ = {isa = PBXFileReference; lastKnownFileType = sourcecode.swift; path = CategoryTableViewController.swift; sourceTree = "<group>"; };
		9734BFB222FDD43A00FDA2E0 /* todoey.app */ = {isa = PBXFileReference; explicitFileType = wrapper.application; includeInIndex = 0; path = todoey.app; sourceTree = BUILT_PRODUCTS_DIR; };
		9734BFB522FDD43A00FDA2E0 /* AppDelegate.swift */ = {isa = PBXFileReference; lastKnownFileType = sourcecode.swift; path = AppDelegate.swift; sourceTree = "<group>"; };
		9734BFB722FDD43A00FDA2E0 /* TodoListViewController.swift */ = {isa = PBXFileReference; lastKnownFileType = sourcecode.swift; path = TodoListViewController.swift; sourceTree = "<group>"; };
		9734BFBA22FDD43A00FDA2E0 /* Base */ = {isa = PBXFileReference; lastKnownFileType = file.storyboard; name = Base; path = Base.lproj/Main.storyboard; sourceTree = "<group>"; };
		9734BFBC22FDD43E00FDA2E0 /* Assets.xcassets */ = {isa = PBXFileReference; lastKnownFileType = folder.assetcatalog; path = Assets.xcassets; sourceTree = "<group>"; };
		9734BFBF22FDD43E00FDA2E0 /* Base */ = {isa = PBXFileReference; lastKnownFileType = file.storyboard; name = Base; path = Base.lproj/LaunchScreen.storyboard; sourceTree = "<group>"; };
		9734BFC122FDD43E00FDA2E0 /* Info.plist */ = {isa = PBXFileReference; lastKnownFileType = text.plist.xml; path = Info.plist; sourceTree = "<group>"; };
		9795FF9823006751007520C8 /* DataModel.xcdatamodel */ = {isa = PBXFileReference; lastKnownFileType = wrapper.xcdatamodel; path = DataModel.xcdatamodel; sourceTree = "<group>"; };
		E38E3817A16D0733A96E655E /* Pods-todoey.debug.xcconfig */ = {isa = PBXFileReference; includeInIndex = 1; lastKnownFileType = text.xcconfig; name = "Pods-todoey.debug.xcconfig"; path = "Target Support Files/Pods-todoey/Pods-todoey.debug.xcconfig"; sourceTree = "<group>"; };
/* End PBXFileReference section */

/* Begin PBXFrameworksBuildPhase section */
		9734BFAF22FDD43A00FDA2E0 /* Frameworks */ = {
			isa = PBXFrameworksBuildPhase;
			buildActionMask = 2147483647;
			files = (
				2E45F975E369B197AD9DE3C5 /* Pods_todoey.framework in Frameworks */,
			);
			runOnlyForDeploymentPostprocessing = 0;
		};
/* End PBXFrameworksBuildPhase section */

/* Begin PBXGroup section */
		723B1E8042E7143B7C1BD5D5 /* Pods */ = {
			isa = PBXGroup;
			children = (
				E38E3817A16D0733A96E655E /* Pods-todoey.debug.xcconfig */,
				4A1DF51CAC12B22031916B29 /* Pods-todoey.release.xcconfig */,
			);
			name = Pods;
			path = Pods;
			sourceTree = "<group>";
		};
		9734BFA922FDD43A00FDA2E0 = {
			isa = PBXGroup;
			children = (
				9734BFB422FDD43A00FDA2E0 /* todoey */,
				9734BFB322FDD43A00FDA2E0 /* Products */,
				723B1E8042E7143B7C1BD5D5 /* Pods */,
				F856BF536D3817DEC802D6C0 /* Frameworks */,
			);
			sourceTree = "<group>";
		};
		9734BFB322FDD43A00FDA2E0 /* Products */ = {
			isa = PBXGroup;
			children = (
				9734BFB222FDD43A00FDA2E0 /* todoey.app */,
			);
			name = Products;
			sourceTree = "<group>";
		};
		9734BFB422FDD43A00FDA2E0 /* todoey */ = {
			isa = PBXGroup;
			children = (
				9734BFB522FDD43A00FDA2E0 /* AppDelegate.swift */,
				9795FF9422FFAC12007520C8 /* Controllers */,
				9795FF9322FFAC03007520C8 /* Data Model */,
				9795FF9522FFAC1E007520C8 /* Views */,
				9795FF9622FFAC40007520C8 /* Supporting Files */,
				9734BFC122FDD43E00FDA2E0 /* Info.plist */,
			);
			path = todoey;
			sourceTree = "<group>";
		};
		9795FF9322FFAC03007520C8 /* Data Model */ = {
			isa = PBXGroup;
			children = (
				9795FF9723006751007520C8 /* DataModel.xcdatamodeld */,
			);
			path = "Data Model";
			sourceTree = "<group>";
		};
		9795FF9422FFAC12007520C8 /* Controllers */ = {
			isa = PBXGroup;
			children = (
				970161152300B7B500709599 /* CategoryTableViewController.swift */,
				9734BFB722FDD43A00FDA2E0 /* TodoListViewController.swift */,
			);
			path = Controllers;
			sourceTree = "<group>";
		};
		9795FF9522FFAC1E007520C8 /* Views */ = {
			isa = PBXGroup;
			children = (
				9734BFB922FDD43A00FDA2E0 /* Main.storyboard */,
			);
			path = Views;
			sourceTree = "<group>";
		};
		9795FF9622FFAC40007520C8 /* Supporting Files */ = {
			isa = PBXGroup;
			children = (
				9734BFBC22FDD43E00FDA2E0 /* Assets.xcassets */,
				9734BFBE22FDD43E00FDA2E0 /* LaunchScreen.storyboard */,
			);
			path = "Supporting Files";
			sourceTree = "<group>";
		};
		F856BF536D3817DEC802D6C0 /* Frameworks */ = {
			isa = PBXGroup;
			children = (
				000150573CB0EF46603E6FD6 /* Pods_todoey.framework */,
			);
			name = Frameworks;
			sourceTree = "<group>";
		};
/* End PBXGroup section */

/* Begin PBXNativeTarget section */
		9734BFB122FDD43A00FDA2E0 /* todoey */ = {
			isa = PBXNativeTarget;
			buildConfigurationList = 9734BFC422FDD43E00FDA2E0 /* Build configuration list for PBXNativeTarget "todoey" */;
			buildPhases = (
				1C835F57135DA9A1A4C69187 /* [CP] Check Pods Manifest.lock */,
				9734BFAE22FDD43A00FDA2E0 /* Sources */,
				9734BFAF22FDD43A00FDA2E0 /* Frameworks */,
				9734BFB022FDD43A00FDA2E0 /* Resources */,
				55211438EACB944C419F5428 /* [CP] Embed Pods Frameworks */,
			);
			buildRules = (
			);
			dependencies = (
			);
			name = todoey;
			productName = todoey;
			productReference = 9734BFB222FDD43A00FDA2E0 /* todoey.app */;
			productType = "com.apple.product-type.application";
		};
/* End PBXNativeTarget section */

/* Begin PBXProject section */
		9734BFAA22FDD43A00FDA2E0 /* Project object */ = {
			isa = PBXProject;
			attributes = {
				LastSwiftUpdateCheck = 1000;
				LastUpgradeCheck = 1000;
				ORGANIZATIONNAME = "Anwar Numa";
				TargetAttributes = {
					9734BFB122FDD43A00FDA2E0 = {
						CreatedOnToolsVersion = 10.0;
					};
				};
			};
			buildConfigurationList = 9734BFAD22FDD43A00FDA2E0 /* Build configuration list for PBXProject "todoey" */;
			compatibilityVersion = "Xcode 9.3";
			developmentRegion = en;
			hasScannedForEncodings = 0;
			knownRegions = (
				en,
				Base,
			);
			mainGroup = 9734BFA922FDD43A00FDA2E0;
			productRefGroup = 9734BFB322FDD43A00FDA2E0 /* Products */;
			projectDirPath = "";
			projectRoot = "";
			targets = (
				9734BFB122FDD43A00FDA2E0 /* todoey */,
			);
		};
/* End PBXProject section */

/* Begin PBXResourcesBuildPhase section */
		9734BFB022FDD43A00FDA2E0 /* Resources */ = {
			isa = PBXResourcesBuildPhase;
			buildActionMask = 2147483647;
			files = (
				9734BFC022FDD43E00FDA2E0 /* LaunchScreen.storyboard in Resources */,
				9734BFBD22FDD43E00FDA2E0 /* Assets.xcassets in Resources */,
				9734BFBB22FDD43A00FDA2E0 /* Main.storyboard in Resources */,
			);
			runOnlyForDeploymentPostprocessing = 0;
		};
/* End PBXResourcesBuildPhase section */

/* Begin PBXShellScriptBuildPhase section */
		1C835F57135DA9A1A4C69187 /* [CP] Check Pods Manifest.lock */ = {
			isa = PBXShellScriptBuildPhase;
			buildActionMask = 2147483647;
			files = (
			);
			inputFileListPaths = (
			);
			inputPaths = (
				"${PODS_PODFILE_DIR_PATH}/Podfile.lock",
				"${PODS_ROOT}/Manifest.lock",
			);
			name = "[CP] Check Pods Manifest.lock";
			outputFileListPaths = (
			);
			outputPaths = (
				"$(DERIVED_FILE_DIR)/Pods-todoey-checkManifestLockResult.txt",
			);
			runOnlyForDeploymentPostprocessing = 0;
			shellPath = /bin/sh;
			shellScript = "diff \"${PODS_PODFILE_DIR_PATH}/Podfile.lock\" \"${PODS_ROOT}/Manifest.lock\" > /dev/null\nif [ $? != 0 ] ; then\n    # print error to STDERR\n    echo \"error: The sandbox is not in sync with the Podfile.lock. Run 'pod install' or update your CocoaPods installation.\" >&2\n    exit 1\nfi\n# This output is used by Xcode 'outputs' to avoid re-running this script phase.\necho \"SUCCESS\" > \"${SCRIPT_OUTPUT_FILE_0}\"\n";
			showEnvVarsInLog = 0;
		};
		55211438EACB944C419F5428 /* [CP] Embed Pods Frameworks */ = {
			isa = PBXShellScriptBuildPhase;
			buildActionMask = 2147483647;
			files = (
			);
			inputFileListPaths = (
				"${PODS_ROOT}/Target Support Files/Pods-todoey/Pods-todoey-frameworks-${CONFIGURATION}-input-files.xcfilelist",
			);
			name = "[CP] Embed Pods Frameworks";
			outputFileListPaths = (
				"${PODS_ROOT}/Target Support Files/Pods-todoey/Pods-todoey-frameworks-${CONFIGURATION}-output-files.xcfilelist",
			);
			runOnlyForDeploymentPostprocessing = 0;
			shellPath = /bin/sh;
			shellScript = "\"${PODS_ROOT}/Target Support Files/Pods-todoey/Pods-todoey-frameworks.sh\"\n";
			showEnvVarsInLog = 0;
		};
/* End PBXShellScriptBuildPhase section */

/* Begin PBXSourcesBuildPhase section */
		9734BFAE22FDD43A00FDA2E0 /* Sources */ = {
			isa = PBXSourcesBuildPhase;
			buildActionMask = 2147483647;
			files = (
				9734BFB822FDD43A00FDA2E0 /* TodoListViewController.swift in Sources */,
				9795FF9923006751007520C8 /* DataModel.xcdatamodeld in Sources */,
				9734BFB622FDD43A00FDA2E0 /* AppDelegate.swift in Sources */,
				970161162300B7B500709599 /* CategoryTableViewController.swift in Sources */,
			);
			runOnlyForDeploymentPostprocessing = 0;
		};
/* End PBXSourcesBuildPhase section */

/* Begin PBXVariantGroup section */
		9734BFB922FDD43A00FDA2E0 /* Main.storyboard */ = {
			isa = PBXVariantGroup;
			children = (
				9734BFBA22FDD43A00FDA2E0 /* Base */,
			);
			name = Main.storyboard;
			sourceTree = "<group>";
		};
		9734BFBE22FDD43E00FDA2E0 /* LaunchScreen.storyboard */ = {
			isa = PBXVariantGroup;
			children = (
				9734BFBF22FDD43E00FDA2E0 /* Base */,
			);
			name = LaunchScreen.storyboard;
			sourceTree = "<group>";
		};
/* End PBXVariantGroup section */

/* Begin XCBuildConfiguration section */
		9734BFC222FDD43E00FDA2E0 /* Debug */ = {
			isa = XCBuildConfiguration;
			buildSettings = {
				ALWAYS_SEARCH_USER_PATHS = NO;
				CLANG_ANALYZER_NONNULL = YES;
				CLANG_ANALYZER_NUMBER_OBJECT_CONVERSION = YES_AGGRESSIVE;
				CLANG_CXX_LANGUAGE_STANDARD = "gnu++14";
				CLANG_CXX_LIBRARY = "libc++";
				CLANG_ENABLE_MODULES = YES;
				CLANG_ENABLE_OBJC_ARC = YES;
				CLANG_ENABLE_OBJC_WEAK = YES;
				CLANG_WARN_BLOCK_CAPTURE_AUTORELEASING = YES;
				CLANG_WARN_BOOL_CONVERSION = YES;
				CLANG_WARN_COMMA = YES;
				CLANG_WARN_CONSTANT_CONVERSION = YES;
				CLANG_WARN_DEPRECATED_OBJC_IMPLEMENTATIONS = YES;
				CLANG_WARN_DIRECT_OBJC_ISA_USAGE = YES_ERROR;
				CLANG_WARN_DOCUMENTATION_COMMENTS = YES;
				CLANG_WARN_EMPTY_BODY = YES;
				CLANG_WARN_ENUM_CONVERSION = YES;
				CLANG_WARN_INFINITE_RECURSION = YES;
				CLANG_WARN_INT_CONVERSION = YES;
				CLANG_WARN_NON_LITERAL_NULL_CONVERSION = YES;
				CLANG_WARN_OBJC_IMPLICIT_RETAIN_SELF = YES;
				CLANG_WARN_OBJC_LITERAL_CONVERSION = YES;
				CLANG_WARN_OBJC_ROOT_CLASS = YES_ERROR;
				CLANG_WARN_RANGE_LOOP_ANALYSIS = YES;
				CLANG_WARN_STRICT_PROTOTYPES = YES;
				CLANG_WARN_SUSPICIOUS_MOVE = YES;
				CLANG_WARN_UNGUARDED_AVAILABILITY = YES_AGGRESSIVE;
				CLANG_WARN_UNREACHABLE_CODE = YES;
				CLANG_WARN__DUPLICATE_METHOD_MATCH = YES;
				CODE_SIGN_IDENTITY = "iPhone Developer";
				COPY_PHASE_STRIP = NO;
				DEBUG_INFORMATION_FORMAT = dwarf;
				ENABLE_STRICT_OBJC_MSGSEND = YES;
				ENABLE_TESTABILITY = YES;
				GCC_C_LANGUAGE_STANDARD = gnu11;
				GCC_DYNAMIC_NO_PIC = NO;
				GCC_NO_COMMON_BLOCKS = YES;
				GCC_OPTIMIZATION_LEVEL = 0;
				GCC_PREPROCESSOR_DEFINITIONS = (
					"DEBUG=1",
					"$(inherited)",
				);
				GCC_WARN_64_TO_32_BIT_CONVERSION = YES;
				GCC_WARN_ABOUT_RETURN_TYPE = YES_ERROR;
				GCC_WARN_UNDECLARED_SELECTOR = YES;
				GCC_WARN_UNINITIALIZED_AUTOS = YES_AGGRESSIVE;
				GCC_WARN_UNUSED_FUNCTION = YES;
				GCC_WARN_UNUSED_VARIABLE = YES;
				IPHONEOS_DEPLOYMENT_TARGET = 12.0;
				MTL_ENABLE_DEBUG_INFO = INCLUDE_SOURCE;
				MTL_FAST_MATH = YES;
				ONLY_ACTIVE_ARCH = YES;
				SDKROOT = iphoneos;
				SWIFT_ACTIVE_COMPILATION_CONDITIONS = DEBUG;
				SWIFT_OPTIMIZATION_LEVEL = "-Onone";
			};
			name = Debug;
		};
		9734BFC322FDD43E00FDA2E0 /* Release */ = {
			isa = XCBuildConfiguration;
			buildSettings = {
				ALWAYS_SEARCH_USER_PATHS = NO;
				CLANG_ANALYZER_NONNULL = YES;
				CLANG_ANALYZER_NUMBER_OBJECT_CONVERSION = YES_AGGRESSIVE;
				CLANG_CXX_LANGUAGE_STANDARD = "gnu++14";
				CLANG_CXX_LIBRARY = "libc++";
				CLANG_ENABLE_MODULES = YES;
				CLANG_ENABLE_OBJC_ARC = YES;
				CLANG_ENABLE_OBJC_WEAK = YES;
				CLANG_WARN_BLOCK_CAPTURE_AUTORELEASING = YES;
				CLANG_WARN_BOOL_CONVERSION = YES;
				CLANG_WARN_COMMA = YES;
				CLANG_WARN_CONSTANT_CONVERSION = YES;
				CLANG_WARN_DEPRECATED_OBJC_IMPLEMENTATIONS = YES;
				CLANG_WARN_DIRECT_OBJC_ISA_USAGE = YES_ERROR;
				CLANG_WARN_DOCUMENTATION_COMMENTS = YES;
				CLANG_WARN_EMPTY_BODY = YES;
				CLANG_WARN_ENUM_CONVERSION = YES;
				CLANG_WARN_INFINITE_RECURSION = YES;
				CLANG_WARN_INT_CONVERSION = YES;
				CLANG_WARN_NON_LITERAL_NULL_CONVERSION = YES;
				CLANG_WARN_OBJC_IMPLICIT_RETAIN_SELF = YES;
				CLANG_WARN_OBJC_LITERAL_CONVERSION = YES;
				CLANG_WARN_OBJC_ROOT_CLASS = YES_ERROR;
				CLANG_WARN_RANGE_LOOP_ANALYSIS = YES;
				CLANG_WARN_STRICT_PROTOTYPES = YES;
				CLANG_WARN_SUSPICIOUS_MOVE = YES;
				CLANG_WARN_UNGUARDED_AVAILABILITY = YES_AGGRESSIVE;
				CLANG_WARN_UNREACHABLE_CODE = YES;
				CLANG_WARN__DUPLICATE_METHOD_MATCH = YES;
				CODE_SIGN_IDENTITY = "iPhone Developer";
				COPY_PHASE_STRIP = NO;
				DEBUG_INFORMATION_FORMAT = "dwarf-with-dsym";
				ENABLE_NS_ASSERTIONS = NO;
				ENABLE_STRICT_OBJC_MSGSEND = YES;
				GCC_C_LANGUAGE_STANDARD = gnu11;
				GCC_NO_COMMON_BLOCKS = YES;
				GCC_WARN_64_TO_32_BIT_CONVERSION = YES;
				GCC_WARN_ABOUT_RETURN_TYPE = YES_ERROR;
				GCC_WARN_UNDECLARED_SELECTOR = YES;
				GCC_WARN_UNINITIALIZED_AUTOS = YES_AGGRESSIVE;
				GCC_WARN_UNUSED_FUNCTION = YES;
				GCC_WARN_UNUSED_VARIABLE = YES;
				IPHONEOS_DEPLOYMENT_TARGET = 12.0;
				MTL_ENABLE_DEBUG_INFO = NO;
				MTL_FAST_MATH = YES;
				SDKROOT = iphoneos;
				SWIFT_COMPILATION_MODE = wholemodule;
				SWIFT_OPTIMIZATION_LEVEL = "-O";
				VALIDATE_PRODUCT = YES;
			};
			name = Release;
		};
		9734BFC522FDD43E00FDA2E0 /* Debug */ = {
			isa = XCBuildConfiguration;
			baseConfigurationReference = E38E3817A16D0733A96E655E /* Pods-todoey.debug.xcconfig */;
			buildSettings = {
				ASSETCATALOG_COMPILER_APPICON_NAME = AppIcon;
				CODE_SIGN_STYLE = Automatic;
				DEVELOPMENT_TEAM = HN287388M8;
				INFOPLIST_FILE = todoey/Info.plist;
				LD_RUNPATH_SEARCH_PATHS = (
					"$(inherited)",
					"@executable_path/Frameworks",
				);
				PRODUCT_BUNDLE_IDENTIFIER = com.anwarnuma.todoey;
				PRODUCT_NAME = "$(TARGET_NAME)";
				SWIFT_VERSION = 4.2;
				TARGETED_DEVICE_FAMILY = "1,2";
			};
			name = Debug;
		};
		9734BFC622FDD43E00FDA2E0 /* Release */ = {
			isa = XCBuildConfiguration;
			baseConfigurationReference = 4A1DF51CAC12B22031916B29 /* Pods-todoey.release.xcconfig */;
			buildSettings = {
				ASSETCATALOG_COMPILER_APPICON_NAME = AppIcon;
				CODE_SIGN_STYLE = Automatic;
				DEVELOPMENT_TEAM = HN287388M8;
				INFOPLIST_FILE = todoey/Info.plist;
				LD_RUNPATH_SEARCH_PATHS = (
					"$(inherited)",
					"@executable_path/Frameworks",
				);
				PRODUCT_BUNDLE_IDENTIFIER = com.anwarnuma.todoey;
				PRODUCT_NAME = "$(TARGET_NAME)";
				SWIFT_VERSION = 4.2;
				TARGETED_DEVICE_FAMILY = "1,2";
			};
			name = Release;
		};
/* End XCBuildConfiguration section */

/* Begin XCConfigurationList section */
		9734BFAD22FDD43A00FDA2E0 /* Build configuration list for PBXProject "todoey" */ = {
			isa = XCConfigurationList;
			buildConfigurations = (
				9734BFC222FDD43E00FDA2E0 /* Debug */,
				9734BFC322FDD43E00FDA2E0 /* Release */,
			);
			defaultConfigurationIsVisible = 0;
			defaultConfigurationName = Release;
		};
		9734BFC422FDD43E00FDA2E0 /* Build configuration list for PBXNativeTarget "todoey" */ = {
			isa = XCConfigurationList;
			buildConfigurations = (
				9734BFC522FDD43E00FDA2E0 /* Debug */,
				9734BFC622FDD43E00FDA2E0 /* Release */,
			);
			defaultConfigurationIsVisible = 0;
			defaultConfigurationName = Release;
		};
/* End XCConfigurationList section */

/* Begin XCVersionGroup section */
		9795FF9723006751007520C8 /* DataModel.xcdatamodeld */ = {
			isa = XCVersionGroup;
			children = (
				9795FF9823006751007520C8 /* DataModel.xcdatamodel */,
			);
			currentVersion = 9795FF9823006751007520C8 /* DataModel.xcdatamodel */;
			path = DataModel.xcdatamodeld;
			sourceTree = "<group>";
			versionGroupType = wrapper.xcdatamodel;
		};
/* End XCVersionGroup section */
	};
	rootObject = 9734BFAA22FDD43A00FDA2E0 /* Project object */;
}
